
Microsoft Visual Studio Solution File, Format Version 10.00
# Visual Studio 2008
Project("{8BC9CEB8-8B4A-11D0-8D11-00A0C91BC942}") = "t3", "t3\t3.vcproj", "{75757D73-9B29-4F50-B35C-EEB46E1F1D73}"
EndProject
Project("{8BC9CEB8-8B4A-11D0-8D11-00A0C91BC942}") = "t4", "t4\t4.vcproj", "{EDB3A105-8F65-4750-A7C1-86468D44A16C}"
EndProject
Project("{8BC9CEB8-8B4A-11D0-8D11-00A0C91BC942}") = "t5", "t5\t5.vcproj", "{DCD2234E-83DE-4F57-8F2B-3F758C6F0E03}"
EndProject
Project("{8BC9CEB8-8B4A-11D0-8D11-00A0C91BC942}") = "t6", "t6\t6.vcproj", "{3BA8D549-513F-4AD4-9E21-F3C2D1BDEACA}"
EndProject
Project("{8BC9CEB8-8B4A-11D0-8D11-00A0C91BC942}") = "T7", "T7\T7.vcproj", "{4C8C418F-B838-455D-8D3E-BC43B304FE3E}"
EndProject
Project("{8BC9CEB8-8B4A-11D0-8D11-00A0C91BC942}") = "t2", "t2\t2.vcproj", "{422ED239-7F0F-4E04-B0F4-359D8966870D}"
EndProject
Project("{8BC9CEB8-8B4A-11D0-8D11-00A0C91BC942}") = "ChangeRM2ToRM3", "ChangeRM2ToRM3\ChangeRM2ToRM3.vcproj", "{5C38A8C9-8CF7-46B1-A8FC-C8289A5E9398}"
EndProject
Global
	GlobalSection(SolutionConfigurationPlatforms) = preSolution
		Debug|Win32 = Debug|Win32
		Release|Win32 = Release|Win32
		x64|Win32 = x64|Win32
	EndGlobalSection
	GlobalSection(ProjectConfigurationPlatforms) = postSolution
		{75757D73-9B29-4F50-B35C-EEB46E1F1D73}.Debug|Win32.ActiveCfg = Debug|Win32
		{75757D73-9B29-4F50-B35C-EEB46E1F1D73}.Debug|Win32.Build.0 = Debug|Win32
		{75757D73-9B29-4F50-B35C-EEB46E1F1D73}.Release|Win32.ActiveCfg = Release|Win32
		{75757D73-9B29-4F50-B35C-EEB46E1F1D73}.Release|Win32.Build.0 = Release|Win32
		{75757D73-9B29-4F50-B35C-EEB46E1F1D73}.x64|Win32.ActiveCfg = Release|Win32
		{75757D73-9B29-4F50-B35C-EEB46E1F1D73}.x64|Win32.Build.0 = Release|Win32
		{EDB3A105-8F65-4750-A7C1-86468D44A16C}.Debug|Win32.ActiveCfg = Debug|Win32
		{EDB3A105-8F65-4750-A7C1-86468D44A16C}.Debug|Win32.Build.0 = Debug|Win32
		{EDB3A105-8F65-4750-A7C1-86468D44A16C}.Release|Win32.ActiveCfg = Release|Win32
		{EDB3A105-8F65-4750-A7C1-86468D44A16C}.Release|Win32.Build.0 = Release|Win32
		{EDB3A105-8F65-4750-A7C1-86468D44A16C}.x64|Win32.ActiveCfg = Release|Win32
		{EDB3A105-8F65-4750-A7C1-86468D44A16C}.x64|Win32.Build.0 = Release|Win32
		{DCD2234E-83DE-4F57-8F2B-3F758C6F0E03}.Debug|Win32.ActiveCfg = Debug|Win32
		{DCD2234E-83DE-4F57-8F2B-3F758C6F0E03}.Debug|Win32.Build.0 = Debug|Win32
		{DCD2234E-83DE-4F57-8F2B-3F758C6F0E03}.Release|Win32.ActiveCfg = Release|Win32
		{DCD2234E-83DE-4F57-8F2B-3F758C6F0E03}.Release|Win32.Build.0 = Release|Win32
		{DCD2234E-83DE-4F57-8F2B-3F758C6F0E03}.x64|Win32.ActiveCfg = Release|Win32
		{DCD2234E-83DE-4F57-8F2B-3F758C6F0E03}.x64|Win32.Build.0 = Release|Win32
		{3BA8D549-513F-4AD4-9E21-F3C2D1BDEACA}.Debug|Win32.ActiveCfg = Debug|Win32
		{3BA8D549-513F-4AD4-9E21-F3C2D1BDEACA}.Debug|Win32.Build.0 = Debug|Win32
		{3BA8D549-513F-4AD4-9E21-F3C2D1BDEACA}.Release|Win32.ActiveCfg = Release|Win32
		{3BA8D549-513F-4AD4-9E21-F3C2D1BDEACA}.Release|Win32.Build.0 = Release|Win32
		{3BA8D549-513F-4AD4-9E21-F3C2D1BDEACA}.x64|Win32.ActiveCfg = Release|Win32
		{3BA8D549-513F-4AD4-9E21-F3C2D1BDEACA}.x64|Win32.Build.0 = Release|Win32
		{4C8C418F-B838-455D-8D3E-BC43B304FE3E}.Debug|Win32.ActiveCfg = Debug|Win32
		{4C8C418F-B838-455D-8D3E-BC43B304FE3E}.Debug|Win32.Build.0 = Debug|Win32
		{4C8C418F-B838-455D-8D3E-BC43B304FE3E}.Release|Win32.ActiveCfg = Release|Win32
		{4C8C418F-B838-455D-8D3E-BC43B304FE3E}.Release|Win32.Build.0 = Release|Win32
		{4C8C418F-B838-455D-8D3E-BC43B304FE3E}.x64|Win32.ActiveCfg = x64|Win32
		{4C8C418F-B838-455D-8D3E-BC43B304FE3E}.x64|Win32.Build.0 = x64|Win32
		{422ED239-7F0F-4E04-B0F4-359D8966870D}.Debug|Win32.ActiveCfg = Debug|Win32
		{422ED239-7F0F-4E04-B0F4-359D8966870D}.Debug|Win32.Build.0 = Debug|Win32
		{422ED239-7F0F-4E04-B0F4-359D8966870D}.Release|Win32.ActiveCfg = Release|Win32
		{422ED239-7F0F-4E04-B0F4-359D8966870D}.Release|Win32.Build.0 = Release|Win32
		{422ED239-7F0F-4E04-B0F4-359D8966870D}.x64|Win32.ActiveCfg = Release|Win32
		{422ED239-7F0F-4E04-B0F4-359D8966870D}.x64|Win32.Build.0 = Release|Win32
		{5C38A8C9-8CF7-46B1-A8FC-C8289A5E9398}.Debug|Win32.ActiveCfg = Debug|Win32
		{5C38A8C9-8CF7-46B1-A8FC-C8289A5E9398}.Debug|Win32.Build.0 = Debug|Win32
		{5C38A8C9-8CF7-46B1-A8FC-C8289A5E9398}.Release|Win32.ActiveCfg = Release|Win32
		{5C38A8C9-8CF7-46B1-A8FC-C8289A5E9398}.Release|Win32.Build.0 = Release|Win32
		{5C38A8C9-8CF7-46B1-A8FC-C8289A5E9398}.x64|Win32.ActiveCfg = Release|Win32
		{5C38A8C9-8CF7-46B1-A8FC-C8289A5E9398}.x64|Win32.Build.0 = Release|Win32
	EndGlobalSection
	GlobalSection(SolutionProperties) = preSolution
		HideSolutionNode = FALSE
	EndGlobalSection
EndGlobal
